{
  "name": "jupyter-kernel-repl",
  "version": "1.0.0",
  "lockfileVersion": 2,
  "requires": true,
  "packages": {
    "": {
      "name": "jupyter-kernel-repl",
      "version": "1.0.0",
      "license": "ISC",
      "dependencies": {
        "metacall-polyglot-repl": "github:metacall/polyglot-repl"
      }
    },
    "node_modules/metacall-polyglot-repl": {
      "version": "0.1.1",
      "resolved": "git+ssh://git@github.com/metacall/polyglot-repl.git#d11d4bcf8ae340d99328463479df6deccb3fdae9",
      "license": "Apache-2.0"
    }
  },
  "dependencies": {
    "metacall-polyglot-repl": {
      "version": "git+ssh://git@github.com/metacall/polyglot-repl.git#d11d4bcf8ae340d99328463479df6deccb3fdae9",
      "from": "metacall-polyglot-repl@github:metacall/polyglot-repl"
    }
  }
}
